// !$*UTF8*$!
{
	archiveVersion = 1;
	classes = {
	};
	objectVersion = 46;
	objects = {

/* Begin PBXBuildFile section */
		1458FE6C1C48199400C53A2E /* main.m in Sources */ = {isa = PBXBuildFile; fileRef = 1458FE6B1C48199400C53A2E /* main.m */; };
		1458FE751C481FCA00C53A2E /* XIBClassGenerator.m in Sources */ = {isa = PBXBuildFile; fileRef = 1458FE741C481FCA00C53A2E /* XIBClassGenerator.m */; };
		147848761C4A186200EDBBF4 /* NSString+Extensions.m in Sources */ = {isa = PBXBuildFile; fileRef = 147848751C4A186200EDBBF4 /* NSString+Extensions.m */; };
		147848791C4AD5DC00EDBBF4 /* XIBClass.m in Sources */ = {isa = PBXBuildFile; fileRef = 147848781C4AD5DC00EDBBF4 /* XIBClass.m */; };
/* End PBXBuildFile section */

/* Begin PBXCopyFilesBuildPhase section */
		1458FE661C48199400C53A2E /* CopyFiles */ = {
			isa = PBXCopyFilesBuildPhase;
			buildActionMask = 2147483647;
			dstPath = /usr/share/man/man1/;
			dstSubfolderSpec = 0;
			files = (
			);
			runOnlyForDeploymentPostprocessing = 1;
		};
/* End PBXCopyFilesBuildPhase section */

/* Begin PBXFileReference section */
		1458FE681C48199400C53A2E /* xibanalyzer */ = {isa = PBXFileReference; explicitFileType = "compiled.mach-o.executable"; includeInIndex = 0; path = xibanalyzer; sourceTree = BUILT_PRODUCTS_DIR; };
		1458FE6B1C48199400C53A2E /* main.m */ = {isa = PBXFileReference; lastKnownFileType = sourcecode.c.objc; path = main.m; sourceTree = "<group>"; };
		1458FE731C481FCA00C53A2E /* XIBClassGenerator.h */ = {isa = PBXFileReference; fileEncoding = 4; lastKnownFileType = sourcecode.c.h; name = XIBClassGenerator.h; path = Classes/XIBClassGenerator.h; sourceTree = "<group>"; };
		1458FE741C481FCA00C53A2E /* XIBClassGenerator.m */ = {isa = PBXFileReference; fileEncoding = 4; lastKnownFileType = sourcecode.c.objc; name = XIBClassGenerator.m; path = Classes/XIBClassGenerator.m; sourceTree = "<group>"; };
		147848741C4A186200EDBBF4 /* NSString+Extensions.h */ = {isa = PBXFileReference; fileEncoding = 4; lastKnownFileType = sourcecode.c.h; name = "NSString+Extensions.h"; path = "Extensions/NSString+Extensions.h"; sourceTree = "<group>"; };
		147848751C4A186200EDBBF4 /* NSString+Extensions.m */ = {isa = PBXFileReference; fileEncoding = 4; lastKnownFileType = sourcecode.c.objc; name = "NSString+Extensions.m"; path = "Extensions/NSString+Extensions.m"; sourceTree = "<group>"; };
		147848771C4AD5DC00EDBBF4 /* XIBClass.h */ = {isa = PBXFileReference; fileEncoding = 4; lastKnownFileType = sourcecode.c.h; path = XIBClass.h; sourceTree = "<group>"; };
		147848781C4AD5DC00EDBBF4 /* XIBClass.m */ = {isa = PBXFileReference; fileEncoding = 4; lastKnownFileType = sourcecode.c.objc; path = XIBClass.m; sourceTree = "<group>"; };
/* End PBXFileReference section */

/* Begin PBXFrameworksBuildPhase section */
		1458FE651C48199400C53A2E /* Frameworks */ = {
			isa = PBXFrameworksBuildPhase;
			buildActionMask = 2147483647;
			files = (
			);
			runOnlyForDeploymentPostprocessing = 0;
		};
/* End PBXFrameworksBuildPhase section */

/* Begin PBXGroup section */
		1458FE5F1C48199400C53A2E = {
			isa = PBXGroup;
			children = (
				1458FE6A1C48199400C53A2E /* xibanalyzer */,
				1458FE691C48199400C53A2E /* Products */,
			);
			sourceTree = "<group>";
		};
		1458FE691C48199400C53A2E /* Products */ = {
			isa = PBXGroup;
			children = (
				1458FE681C48199400C53A2E /* xibanalyzer */,
			);
			name = Products;
			sourceTree = "<group>";
		};
		1458FE6A1C48199400C53A2E /* xibanalyzer */ = {
			isa = PBXGroup;
			children = (
				1458FE721C48199F00C53A2E /* Classes */,
				1458FE6B1C48199400C53A2E /* main.m */,
			);
			path = xibanalyzer;
			sourceTree = "<group>";
		};
		1458FE721C48199F00C53A2E /* Classes */ = {
			isa = PBXGroup;
			children = (
				1458FE731C481FCA00C53A2E /* XIBClassGenerator.h */,
				1458FE741C481FCA00C53A2E /* XIBClassGenerator.m */,
				147848741C4A186200EDBBF4 /* NSString+Extensions.h */,
				147848751C4A186200EDBBF4 /* NSString+Extensions.m */,
				147848771C4AD5DC00EDBBF4 /* XIBClass.h */,
				147848781C4AD5DC00EDBBF4 /* XIBClass.m */,
			);
			name = Classes;
			sourceTree = "<group>";
		};
/* End PBXGroup section */

/* Begin PBXNativeTarget section */
		1458FE671C48199400C53A2E /* xibanalyzer */ = {
			isa = PBXNativeTarget;
			buildConfigurationList = 1458FE6F1C48199400C53A2E /* Build configuration list for PBXNativeTarget "xibanalyzer" */;
			buildPhases = (
				1458FE641C48199400C53A2E /* Sources */,
				1458FE651C48199400C53A2E /* Frameworks */,
				1458FE661C48199400C53A2E /* CopyFiles */,
			);
			buildRules = (
			);
			dependencies = (
			);
			name = xibanalyzer;
			productName = xibanalyzer;
			productReference = 1458FE681C48199400C53A2E /* xibanalyzer */;
			productType = "com.apple.product-type.tool";
		};
/* End PBXNativeTarget section */

/* Begin PBXProject section */
		1458FE601C48199400C53A2E /* Project object */ = {
			isa = PBXProject;
			attributes = {
				LastUpgradeCheck = 0720;
				ORGANIZATIONNAME = GNUstep;
				TargetAttributes = {
					1458FE671C48199400C53A2E = {
						CreatedOnToolsVersion = 7.2;
					};
				};
			};
			buildConfigurationList = 1458FE631C48199400C53A2E /* Build configuration list for PBXProject "xibanalyzer" */;
			compatibilityVersion = "Xcode 3.2";
			developmentRegion = English;
			hasScannedForEncodings = 0;
			knownRegions = (
				en,
			);
			mainGroup = 1458FE5F1C48199400C53A2E;
			productRefGroup = 1458FE691C48199400C53A2E /* Products */;
			projectDirPath = "";
			projectRoot = "";
			targets = (
				1458FE671C48199400C53A2E /* xibanalyzer */,
			);
		};
/* End PBXProject section */

/* Begin PBXSourcesBuildPhase section */
		1458FE641C48199400C53A2E /* Sources */ = {
			isa = PBXSourcesBuildPhase;
			buildActionMask = 2147483647;
			files = (
				147848761C4A186200EDBBF4 /* NSString+Extensions.m in Sources */,
				1458FE751C481FCA00C53A2E /* XIBClassGenerator.m in Sources */,
				147848791C4AD5DC00EDBBF4 /* XIBClass.m in Sources */,
				1458FE6C1C48199400C53A2E /* main.m in Sources */,
			);
			runOnlyForDeploymentPostprocessing = 0;
		};
/* End PBXSourcesBuildPhase section */

/* Begin XCBuildConfiguration section */
		1458FE6D1C48199400C53A2E /* Debug */ = {
			isa = XCBuildConfiguration;
			buildSettings = {
				ALWAYS_SEARCH_USER_PATHS = NO;
				CLANG_CXX_LANGUAGE_STANDARD = "gnu++0x";
				CLANG_CXX_LIBRARY = "libc++";
				CLANG_ENABLE_MODULES = YES;
				CLANG_ENABLE_OBJC_ARC = YES;
				CLANG_WARN_BOOL_CONVERSION = YES;
				CLANG_WARN_CONSTANT_CONVERSION = YES;
				CLANG_WARN_DIRECT_OBJC_ISA_USAGE = YES_ERROR;
				CLANG_WARN_EMPTY_BODY = YES;
				CLANG_WARN_ENUM_CONVERSION = YES;
				CLANG_WARN_INT_CONVERSION = YES;
				CLANG_WARN_OBJC_ROOT_CLASS = YES_ERROR;
				CLANG_WARN_UNREACHABLE_CODE = YES;
				CLANG_WARN__DUPLICATE_METHOD_MATCH = YES;
				CODE_SIGN_IDENTITY = "-";
				COPY_PHASE_STRIP = NO;
				DEBUG_INFORMATION_FORMAT = dwarf;
				ENABLE_STRICT_OBJC_MSGSEND = YES;
				ENABLE_TESTABILITY = YES;
				GCC_C_LANGUAGE_STANDARD = gnu99;
				GCC_DYNAMIC_NO_PIC = NO;
				GCC_NO_COMMON_BLOCKS = YES;
				GCC_OPTIMIZATION_LEVEL = 0;
				GCC_PREPROCESSOR_DEFINITIONS = (
					"DEBUG=1",
					"$(inherited)",
				);
				GCC_WARN_64_TO_32_BIT_CONVERSION = YES;
				GCC_WARN_ABOUT_RETURN_TYPE = YES_ERROR;
				GCC_WARN_UNDECLARED_SELECTOR = YES;
				GCC_WARN_UNINITIALIZED_AUTOS = YES_AGGRESSIVE;
				GCC_WARN_UNUSED_FUNCTION = YES;
				GCC_WARN_UNUSED_VARIABLE = YES;
				MACOSX_DEPLOYMENT_TARGET = 10.11;
				MTL_ENABLE_DEBUG_INFO = YES;
				ONLY_ACTIVE_ARCH = YES;
				SDKROOT = macosx;
			};
			name = Debug;
		};
		1458FE6E1C48199400C53A2E /* Release */ = {
			isa = XCBuildConfiguration;
			buildSettings = {
				ALWAYS_SEARCH_USER_PATHS = NO;
				CLANG_CXX_LANGUAGE_STANDARD = "gnu++0x";
				CLANG_CXX_LIBRARY = "libc++";
				CLANG_ENABLE_MODULES = YES;
				CLANG_ENABLE_OBJC_ARC = YES;
				CLANG_WARN_BOOL_CONVERSION = YES;
				CLANG_WARN_CONSTANT_CONVERSION = YES;
				CLANG_WARN_DIRECT_OBJC_ISA_USAGE = YES_ERROR;
				CLANG_WARN_EMPTY_BODY = YES;
				CLANG_WARN_ENUM_CONVERSION = YES;
				CLANG_WARN_INT_CONVERSION = YES;
				CLANG_WARN_OBJC_ROOT_CLASS = YES_ERROR;
				CLANG_WARN_UNREACHABLE_CODE = YES;
				CLANG_WARN__DUPLICATE_METHOD_MATCH = YES;
				CODE_SIGN_IDENTITY = "-";
				COPY_PHASE_STRIP = NO;
				DEBUG_INFORMATION_FORMAT = "dwarf-with-dsym";
				ENABLE_NS_ASSERTIONS = NO;
				ENABLE_STRICT_OBJC_MSGSEND = YES;
				GCC_C_LANGUAGE_STANDARD = gnu99;
				GCC_NO_COMMON_BLOCKS = YES;
				GCC_WARN_64_TO_32_BIT_CONVERSION = YES;
				GCC_WARN_ABOUT_RETURN_TYPE = YES_ERROR;
				GCC_WARN_UNDECLARED_SELECTOR = YES;
				GCC_WARN_UNINITIALIZED_AUTOS = YES_AGGRESSIVE;
				GCC_WARN_UNUSED_FUNCTION = YES;
				GCC_WARN_UNUSED_VARIABLE = YES;
				MACOSX_DEPLOYMENT_TARGET = 10.11;
				MTL_ENABLE_DEBUG_INFO = NO;
				SDKROOT = macosx;
			};
			name = Release;
		};
		1458FE701C48199400C53A2E /* Debug */ = {
			isa = XCBuildConfiguration;
			buildSettings = {
				PRODUCT_NAME = "$(TARGET_NAME)";
			};
			name = Debug;
		};
		1458FE711C48199400C53A2E /* Release */ = {
			isa = XCBuildConfiguration;
			buildSettings = {
				PRODUCT_NAME = "$(TARGET_NAME)";
			};
			name = Release;
		};
/* End XCBuildConfiguration section */

/* Begin XCConfigurationList section */
		1458FE631C48199400C53A2E /* Build configuration list for PBXProject "xibanalyzer" */ = {
			isa = XCConfigurationList;
			buildConfigurations = (
				1458FE6D1C48199400C53A2E /* Debug */,
				1458FE6E1C48199400C53A2E /* Release */,
			);
			defaultConfigurationIsVisible = 0;
			defaultConfigurationName = Release;
		};
		1458FE6F1C48199400C53A2E /* Build configuration list for PBXNativeTarget "xibanalyzer" */ = {
			isa = XCConfigurationList;
			buildConfigurations = (
				1458FE701C48199400C53A2E /* Debug */,
				1458FE711C48199400C53A2E /* Release */,
			);
			defaultConfigurationIsVisible = 0;
			defaultConfigurationName = Release;
		};
/* End XCConfigurationList section */
	};
	rootObject = 1458FE601C48199400C53A2E /* Project object */;
}
